// !$*UTF8*$!
{
	archiveVersion = 1;
	classes = {
	};
	objectVersion = 46;
	objects = {

/* Begin PBXBuildFile section */
		0A045C0A1C21CFFB00A5006E /* match_json_fixture.json in Resources */ = {isa = PBXBuildFile; fileRef = 0A045C091C21CFFB00A5006E /* match_json_fixture.json */; };
		0A045C0C1C21D70C00A5006E /* libPusher-combined.a in Frameworks */ = {isa = PBXBuildFile; fileRef = 0A045C0B1C21D70C00A5006E /* libPusher-combined.a */; };
		0A045C1E1C21D87700A5006E /* libicucore.tbd in Frameworks */ = {isa = PBXBuildFile; fileRef = 0A045C1D1C21D87700A5006E /* libicucore.tbd */; };
		0A045C201C21D88700A5006E /* SystemConfiguration.framework in Frameworks */ = {isa = PBXBuildFile; fileRef = 0A045C1F1C21D88700A5006E /* SystemConfiguration.framework */; };
		0A045C221C21D88F00A5006E /* Security.framework in Frameworks */ = {isa = PBXBuildFile; fileRef = 0A045C211C21D88F00A5006E /* Security.framework */; };
		0A045C241C21D89500A5006E /* CFNetwork.framework in Frameworks */ = {isa = PBXBuildFile; fileRef = 0A045C231C21D89500A5006E /* CFNetwork.framework */; };
		0A045C261C21D9E600A5006E /* SocketRocket.framework in Frameworks */ = {isa = PBXBuildFile; fileRef = 0A045C251C21D9E600A5006E /* SocketRocket.framework */; };
		0A045C291C21DAC400A5006E /* GFHMatchViewController.m in Sources */ = {isa = PBXBuildFile; fileRef = 0A045C281C21DAC400A5006E /* GFHMatchViewController.m */; };
		0A045C2D1C21EE0700A5006E /* GFHPlayerViewController.m in Sources */ = {isa = PBXBuildFile; fileRef = 0A045C2C1C21EE0700A5006E /* GFHPlayerViewController.m */; };
		0A0D02881C2DE03500DF8550 /* KTCenterFlowLayout.m in Sources */ = {isa = PBXBuildFile; fileRef = 0A0D02871C2DE03500DF8550 /* KTCenterFlowLayout.m */; };
		0A0D028E1C2E1BB300DF8550 /* NumberOfPlayersButtonsViewControllerTests.m in Sources */ = {isa = PBXBuildFile; fileRef = 0A0D028D1C2E1BB300DF8550 /* NumberOfPlayersButtonsViewControllerTests.m */; };
		0A137F051C21FE3000D10B65 /* GFHCardCollectionCell.m in Sources */ = {isa = PBXBuildFile; fileRef = 0A137F041C21FE3000D10B65 /* GFHCardCollectionCell.m */; };
		0AB1A0371C1F5F4D003BA562 /* main.m in Sources */ = {isa = PBXBuildFile; fileRef = 0AB1A0361C1F5F4D003BA562 /* main.m */; };
		0AB1A03A1C1F5F4D003BA562 /* AppDelegate.m in Sources */ = {isa = PBXBuildFile; fileRef = 0AB1A0391C1F5F4D003BA562 /* AppDelegate.m */; };
		0AB1A0401C1F5F4D003BA562 /* Main.storyboard in Resources */ = {isa = PBXBuildFile; fileRef = 0AB1A03E1C1F5F4D003BA562 /* Main.storyboard */; };
		0AB1A0421C1F5F4D003BA562 /* Assets.xcassets in Resources */ = {isa = PBXBuildFile; fileRef = 0AB1A0411C1F5F4D003BA562 /* Assets.xcassets */; };
		0AB1A0451C1F5F4D003BA562 /* LaunchScreen.storyboard in Resources */ = {isa = PBXBuildFile; fileRef = 0AB1A0431C1F5F4D003BA562 /* LaunchScreen.storyboard */; };
		0AB1A05B1C1F5F4D003BA562 /* LogInUITests.m in Sources */ = {isa = PBXBuildFile; fileRef = 0AB1A05A1C1F5F4D003BA562 /* LogInUITests.m */; };
		0AB1A0691C1F5F87003BA562 /* CardTests.m in Sources */ = {isa = PBXBuildFile; fileRef = 0AB1A0681C1F5F87003BA562 /* CardTests.m */; };
		0AB1A06D1C1F5FF1003BA562 /* Card.m in Sources */ = {isa = PBXBuildFile; fileRef = 0AB1A06C1C1F5FF1003BA562 /* Card.m */; };
		0AB1A0701C1F60FC003BA562 /* GFHRepository.m in Sources */ = {isa = PBXBuildFile; fileRef = 0AB1A06F1C1F60FC003BA562 /* GFHRepository.m */; };
		0AB1A0731C1F6246003BA562 /* AFNetworking.framework in Frameworks */ = {isa = PBXBuildFile; fileRef = 0AB1A0721C1F6246003BA562 /* AFNetworking.framework */; };
		0AB1A0761C1F63A9003BA562 /* GFHDatabase.m in Sources */ = {isa = PBXBuildFile; fileRef = 0AB1A0751C1F63A9003BA562 /* GFHDatabase.m */; };
		0AB1A0781C1F640C003BA562 /* RepositoryTests.m in Sources */ = {isa = PBXBuildFile; fileRef = 0AB1A0771C1F640C003BA562 /* RepositoryTests.m */; };
		0AB1A0791C1F6489003BA562 /* GFHRepository.m in Sources */ = {isa = PBXBuildFile; fileRef = 0AB1A06F1C1F60FC003BA562 /* GFHRepository.m */; };
		0AB1A07A1C1F654C003BA562 /* AFNetworking.framework in Frameworks */ = {isa = PBXBuildFile; fileRef = 0AB1A0721C1F6246003BA562 /* AFNetworking.framework */; };
		0AB1A07D1C1F6D43003BA562 /* Player.m in Sources */ = {isa = PBXBuildFile; fileRef = 0AB1A07C1C1F6D43003BA562 /* Player.m */; };
		0AB1A0821C207212003BA562 /* MatchPerspectiveTests.m in Sources */ = {isa = PBXBuildFile; fileRef = 0AB1A0811C207212003BA562 /* MatchPerspectiveTests.m */; };
		0AB1A0841C207E5A003BA562 /* PlayerTests.m in Sources */ = {isa = PBXBuildFile; fileRef = 0AB1A0831C207E5A003BA562 /* PlayerTests.m */; };
		0AB1A0861C2095FD003BA562 /* MatchPerspective.m in Sources */ = {isa = PBXBuildFile; fileRef = 0AB1A07F1C207144003BA562 /* MatchPerspective.m */; };
		0AC425EB1C31943200198FF7 /* GoFishNavigationController.m in Sources */ = {isa = PBXBuildFile; fileRef = 0AC425EA1C31943200198FF7 /* GoFishNavigationController.m */; };
		0AD4C1AA1C23105700385FF4 /* User.m in Sources */ = {isa = PBXBuildFile; fileRef = 0AD4C1A91C23105700385FF4 /* User.m */; };
		0AD4C1AC1C2310B900385FF4 /* UserTests.m in Sources */ = {isa = PBXBuildFile; fileRef = 0AD4C1AB1C2310B900385FF4 /* UserTests.m */; };
		0AD4C1AE1C23129200385FF4 /* DatabaseTests.m in Sources */ = {isa = PBXBuildFile; fileRef = 0AD4C1AD1C23129200385FF4 /* DatabaseTests.m */; };
		0AD4C1B11C23165C00385FF4 /* GFHLogInViewController.m in Sources */ = {isa = PBXBuildFile; fileRef = 0AD4C1B01C23165C00385FF4 /* GFHLogInViewController.m */; };
		0AD4C1B31C2482D800385FF4 /* user_login_valid_json_fixture.json in Resources */ = {isa = PBXBuildFile; fileRef = 0AD4C1B21C2482D800385FF4 /* user_login_valid_json_fixture.json */; };
		0AD4C1B51C2484B100385FF4 /* user_login_invalid_json_fixture.json in Resources */ = {isa = PBXBuildFile; fileRef = 0AD4C1B41C2484B100385FF4 /* user_login_invalid_json_fixture.json */; };
		0AD4C1BA1C24C09F00385FF4 /* GFHMockServer.m in Sources */ = {isa = PBXBuildFile; fileRef = 0AD4C1B91C24C09F00385FF4 /* GFHMockServer.m */; };
		0AE827DE1C28729D00261231 /* GFHMatchNewViewController.m in Sources */ = {isa = PBXBuildFile; fileRef = 0AE827DD1C28729D00261231 /* GFHMatchNewViewController.m */; };
		0AE827E01C28A15700261231 /* OHHTTPStubs.framework in Frameworks */ = {isa = PBXBuildFile; fileRef = 0AE827DF1C28A15700261231 /* OHHTTPStubs.framework */; };
		0AFBC99A1C2B294A00CDB66B /* MatchNewViewControllerTests.m in Sources */ = {isa = PBXBuildFile; fileRef = 0AFBC9991C2B294A00CDB66B /* MatchNewViewControllerTests.m */; };
		0AFBC99D1C2B301600CDB66B /* TestHelper.m in Sources */ = {isa = PBXBuildFile; fileRef = 0AFBC99C1C2B301600CDB66B /* TestHelper.m */; };
		0AFBC9A41C2C64C200CDB66B /* CALayer+RuntimeAttribute.m in Sources */ = {isa = PBXBuildFile; fileRef = 0AFBC9A31C2C64C200CDB66B /* CALayer+RuntimeAttribute.m */; };
		0AFBC9A71C2C9C1C00CDB66B /* MatchNewUITests.m in Sources */ = {isa = PBXBuildFile; fileRef = 0AFBC9A61C2C9C1C00CDB66B /* MatchNewUITests.m */; };
		0AFBC9AD1C2CA2A000CDB66B /* UITestHelper.m in Sources */ = {isa = PBXBuildFile; fileRef = 0AFBC9AC1C2CA2A000CDB66B /* UITestHelper.m */; };
		0AFBC9D81C2DC64C00CDB66B /* GFHNumberOfPlayersButtonsViewController.m in Sources */ = {isa = PBXBuildFile; fileRef = 0AFBC9D71C2DC64C00CDB66B /* GFHNumberOfPlayersButtonsViewController.m */; };
/* End PBXBuildFile section */

/* Begin PBXContainerItemProxy section */
		0AB1A04C1C1F5F4D003BA562 /* PBXContainerItemProxy */ = {
			isa = PBXContainerItemProxy;
			containerPortal = 0AB1A02A1C1F5F4D003BA562 /* Project object */;
			proxyType = 1;
			remoteGlobalIDString = 0AB1A0311C1F5F4D003BA562;
			remoteInfo = GoFishIOS;
		};
		0AB1A0571C1F5F4D003BA562 /* PBXContainerItemProxy */ = {
			isa = PBXContainerItemProxy;
			containerPortal = 0AB1A02A1C1F5F4D003BA562 /* Project object */;
			proxyType = 1;
			remoteGlobalIDString = 0AB1A0311C1F5F4D003BA562;
			remoteInfo = GoFishIOS;
		};
/* End PBXContainerItemProxy section */

/* Begin PBXFileReference section */
		0A045C091C21CFFB00A5006E /* match_json_fixture.json */ = {isa = PBXFileReference; fileEncoding = 4; lastKnownFileType = text.json; path = match_json_fixture.json; sourceTree = "<group>"; };
		0A045C0B1C21D70C00A5006E /* libPusher-combined.a */ = {isa = PBXFileReference; lastKnownFileType = archive.ar; path = "libPusher-combined.a"; sourceTree = "<group>"; };
		0A045C0E1C21D7AF00A5006E /* PTEventListener.h */ = {isa = PBXFileReference; fileEncoding = 4; lastKnownFileType = sourcecode.c.h; path = PTEventListener.h; sourceTree = "<group>"; };
		0A045C0F1C21D7AF00A5006E /* PTPusher+Testing.h */ = {isa = PBXFileReference; fileEncoding = 4; lastKnownFileType = sourcecode.c.h; path = "PTPusher+Testing.h"; sourceTree = "<group>"; };
		0A045C101C21D7AF00A5006E /* PTPusher.h */ = {isa = PBXFileReference; fileEncoding = 4; lastKnownFileType = sourcecode.c.h; path = PTPusher.h; sourceTree = "<group>"; };
		0A045C111C21D7AF00A5006E /* PTPusherAPI.h */ = {isa = PBXFileReference; fileEncoding = 4; lastKnownFileType = sourcecode.c.h; path = PTPusherAPI.h; sourceTree = "<group>"; };
		0A045C121C21D7AF00A5006E /* PTPusherChannel.h */ = {isa = PBXFileReference; fileEncoding = 4; lastKnownFileType = sourcecode.c.h; path = PTPusherChannel.h; sourceTree = "<group>"; };
		0A045C131C21D7AF00A5006E /* PTPusherConnection.h */ = {isa = PBXFileReference; fileEncoding = 4; lastKnownFileType = sourcecode.c.h; path = PTPusherConnection.h; sourceTree = "<group>"; };
		0A045C141C21D7AF00A5006E /* PTPusherDelegate.h */ = {isa = PBXFileReference; fileEncoding = 4; lastKnownFileType = sourcecode.c.h; path = PTPusherDelegate.h; sourceTree = "<group>"; };
		0A045C151C21D7AF00A5006E /* PTPusherErrors.h */ = {isa = PBXFileReference; fileEncoding = 4; lastKnownFileType = sourcecode.c.h; path = PTPusherErrors.h; sourceTree = "<group>"; };
		0A045C161C21D7AF00A5006E /* PTPusherEvent.h */ = {isa = PBXFileReference; fileEncoding = 4; lastKnownFileType = sourcecode.c.h; path = PTPusherEvent.h; sourceTree = "<group>"; };
		0A045C171C21D7AF00A5006E /* PTPusherEventDispatcher.h */ = {isa = PBXFileReference; fileEncoding = 4; lastKnownFileType = sourcecode.c.h; path = PTPusherEventDispatcher.h; sourceTree = "<group>"; };
		0A045C181C21D7AF00A5006E /* PTPusherEventPublisher.h */ = {isa = PBXFileReference; fileEncoding = 4; lastKnownFileType = sourcecode.c.h; path = PTPusherEventPublisher.h; sourceTree = "<group>"; };
		0A045C191C21D7AF00A5006E /* PTPusherMacros.h */ = {isa = PBXFileReference; fileEncoding = 4; lastKnownFileType = sourcecode.c.h; path = PTPusherMacros.h; sourceTree = "<group>"; };
		0A045C1A1C21D7AF00A5006E /* PTPusherMockConnection.h */ = {isa = PBXFileReference; fileEncoding = 4; lastKnownFileType = sourcecode.c.h; path = PTPusherMockConnection.h; sourceTree = "<group>"; };
		0A045C1B1C21D7AF00A5006E /* PTPusherPresenceChannelDelegate.h */ = {isa = PBXFileReference; fileEncoding = 4; lastKnownFileType = sourcecode.c.h; path = PTPusherPresenceChannelDelegate.h; sourceTree = "<group>"; };
		0A045C1C1C21D7AF00A5006E /* Pusher.h */ = {isa = PBXFileReference; fileEncoding = 4; lastKnownFileType = sourcecode.c.h; path = Pusher.h; sourceTree = "<group>"; };
		0A045C1D1C21D87700A5006E /* libicucore.tbd */ = {isa = PBXFileReference; lastKnownFileType = "sourcecode.text-based-dylib-definition"; name = libicucore.tbd; path = usr/lib/libicucore.tbd; sourceTree = SDKROOT; };
		0A045C1F1C21D88700A5006E /* SystemConfiguration.framework */ = {isa = PBXFileReference; lastKnownFileType = wrapper.framework; name = SystemConfiguration.framework; path = System/Library/Frameworks/SystemConfiguration.framework; sourceTree = SDKROOT; };
		0A045C211C21D88F00A5006E /* Security.framework */ = {isa = PBXFileReference; lastKnownFileType = wrapper.framework; name = Security.framework; path = System/Library/Frameworks/Security.framework; sourceTree = SDKROOT; };
		0A045C231C21D89500A5006E /* CFNetwork.framework */ = {isa = PBXFileReference; lastKnownFileType = wrapper.framework; name = CFNetwork.framework; path = System/Library/Frameworks/CFNetwork.framework; sourceTree = SDKROOT; };
		0A045C251C21D9E600A5006E /* SocketRocket.framework */ = {isa = PBXFileReference; lastKnownFileType = wrapper.framework; name = SocketRocket.framework; path = Carthage/Build/iOS/SocketRocket.framework; sourceTree = SOURCE_ROOT; };
		0A045C271C21DAC400A5006E /* GFHMatchViewController.h */ = {isa = PBXFileReference; fileEncoding = 4; lastKnownFileType = sourcecode.c.h; path = GFHMatchViewController.h; sourceTree = "<group>"; };
		0A045C281C21DAC400A5006E /* GFHMatchViewController.m */ = {isa = PBXFileReference; fileEncoding = 4; lastKnownFileType = sourcecode.c.objc; path = GFHMatchViewController.m; sourceTree = "<group>"; };
		0A045C2B1C21EE0700A5006E /* GFHPlayerViewController.h */ = {isa = PBXFileReference; fileEncoding = 4; lastKnownFileType = sourcecode.c.h; path = GFHPlayerViewController.h; sourceTree = "<group>"; };
		0A045C2C1C21EE0700A5006E /* GFHPlayerViewController.m */ = {isa = PBXFileReference; fileEncoding = 4; lastKnownFileType = sourcecode.c.objc; path = GFHPlayerViewController.m; sourceTree = "<group>"; };
		0A0D02861C2DE03500DF8550 /* KTCenterFlowLayout.h */ = {isa = PBXFileReference; fileEncoding = 4; lastKnownFileType = sourcecode.c.h; path = KTCenterFlowLayout.h; sourceTree = "<group>"; };
		0A0D02871C2DE03500DF8550 /* KTCenterFlowLayout.m */ = {isa = PBXFileReference; fileEncoding = 4; lastKnownFileType = sourcecode.c.objc; path = KTCenterFlowLayout.m; sourceTree = "<group>"; };
		0A0D028D1C2E1BB300DF8550 /* NumberOfPlayersButtonsViewControllerTests.m */ = {isa = PBXFileReference; fileEncoding = 4; lastKnownFileType = sourcecode.c.objc; path = NumberOfPlayersButtonsViewControllerTests.m; sourceTree = "<group>"; };
		0A0D028F1C2F091B00DF8550 /* GFHColors.h */ = {isa = PBXFileReference; fileEncoding = 4; lastKnownFileType = sourcecode.c.h; path = GFHColors.h; sourceTree = "<group>"; };
		0A137F031C21FE3000D10B65 /* GFHCardCollectionCell.h */ = {isa = PBXFileReference; fileEncoding = 4; lastKnownFileType = sourcecode.c.h; path = GFHCardCollectionCell.h; sourceTree = "<group>"; };
		0A137F041C21FE3000D10B65 /* GFHCardCollectionCell.m */ = {isa = PBXFileReference; fileEncoding = 4; lastKnownFileType = sourcecode.c.objc; path = GFHCardCollectionCell.m; sourceTree = "<group>"; };
		0AB1A0321C1F5F4D003BA562 /* GoFishIOS.app */ = {isa = PBXFileReference; explicitFileType = wrapper.application; includeInIndex = 0; path = GoFishIOS.app; sourceTree = BUILT_PRODUCTS_DIR; };
		0AB1A0361C1F5F4D003BA562 /* main.m */ = {isa = PBXFileReference; lastKnownFileType = sourcecode.c.objc; path = main.m; sourceTree = "<group>"; };
		0AB1A0381C1F5F4D003BA562 /* AppDelegate.h */ = {isa = PBXFileReference; lastKnownFileType = sourcecode.c.h; path = AppDelegate.h; sourceTree = "<group>"; };
		0AB1A0391C1F5F4D003BA562 /* AppDelegate.m */ = {isa = PBXFileReference; lastKnownFileType = sourcecode.c.objc; path = AppDelegate.m; sourceTree = "<group>"; };
		0AB1A03F1C1F5F4D003BA562 /* Base */ = {isa = PBXFileReference; lastKnownFileType = file.storyboard; name = Base; path = Base.lproj/Main.storyboard; sourceTree = "<group>"; };
		0AB1A0411C1F5F4D003BA562 /* Assets.xcassets */ = {isa = PBXFileReference; lastKnownFileType = folder.assetcatalog; path = Assets.xcassets; sourceTree = "<group>"; };
		0AB1A0441C1F5F4D003BA562 /* Base */ = {isa = PBXFileReference; lastKnownFileType = file.storyboard; name = Base; path = Base.lproj/LaunchScreen.storyboard; sourceTree = "<group>"; };
		0AB1A0461C1F5F4D003BA562 /* Info.plist */ = {isa = PBXFileReference; lastKnownFileType = text.plist.xml; path = Info.plist; sourceTree = "<group>"; };
		0AB1A04B1C1F5F4D003BA562 /* GoFishIOSTests.xctest */ = {isa = PBXFileReference; explicitFileType = wrapper.cfbundle; includeInIndex = 0; path = GoFishIOSTests.xctest; sourceTree = BUILT_PRODUCTS_DIR; };
		0AB1A0511C1F5F4D003BA562 /* Info.plist */ = {isa = PBXFileReference; lastKnownFileType = text.plist.xml; path = Info.plist; sourceTree = "<group>"; };
		0AB1A0561C1F5F4D003BA562 /* GoFishIOSUITests.xctest */ = {isa = PBXFileReference; explicitFileType = wrapper.cfbundle; includeInIndex = 0; path = GoFishIOSUITests.xctest; sourceTree = BUILT_PRODUCTS_DIR; };
		0AB1A05A1C1F5F4D003BA562 /* LogInUITests.m */ = {isa = PBXFileReference; lastKnownFileType = sourcecode.c.objc; path = LogInUITests.m; sourceTree = "<group>"; };
		0AB1A05C1C1F5F4D003BA562 /* Info.plist */ = {isa = PBXFileReference; lastKnownFileType = text.plist.xml; path = Info.plist; sourceTree = "<group>"; };
		0AB1A0681C1F5F87003BA562 /* CardTests.m */ = {isa = PBXFileReference; fileEncoding = 4; lastKnownFileType = sourcecode.c.objc; path = CardTests.m; sourceTree = "<group>"; };
		0AB1A06B1C1F5FF1003BA562 /* Card.h */ = {isa = PBXFileReference; fileEncoding = 4; lastKnownFileType = sourcecode.c.h; path = Card.h; sourceTree = "<group>"; };
		0AB1A06C1C1F5FF1003BA562 /* Card.m */ = {isa = PBXFileReference; fileEncoding = 4; lastKnownFileType = sourcecode.c.objc; path = Card.m; sourceTree = "<group>"; };
		0AB1A06E1C1F60FC003BA562 /* GFHRepository.h */ = {isa = PBXFileReference; fileEncoding = 4; lastKnownFileType = sourcecode.c.h; path = GFHRepository.h; sourceTree = "<group>"; };
		0AB1A06F1C1F60FC003BA562 /* GFHRepository.m */ = {isa = PBXFileReference; fileEncoding = 4; lastKnownFileType = sourcecode.c.objc; path = GFHRepository.m; sourceTree = "<group>"; };
		0AB1A0721C1F6246003BA562 /* AFNetworking.framework */ = {isa = PBXFileReference; lastKnownFileType = wrapper.framework; name = AFNetworking.framework; path = Carthage/Build/iOS/AFNetworking.framework; sourceTree = SOURCE_ROOT; };
		0AB1A0741C1F63A9003BA562 /* GFHDatabase.h */ = {isa = PBXFileReference; fileEncoding = 4; lastKnownFileType = sourcecode.c.h; path = GFHDatabase.h; sourceTree = "<group>"; };
		0AB1A0751C1F63A9003BA562 /* GFHDatabase.m */ = {isa = PBXFileReference; fileEncoding = 4; lastKnownFileType = sourcecode.c.objc; path = GFHDatabase.m; sourceTree = "<group>"; };
		0AB1A0771C1F640C003BA562 /* RepositoryTests.m */ = {isa = PBXFileReference; fileEncoding = 4; lastKnownFileType = sourcecode.c.objc; path = RepositoryTests.m; sourceTree = "<group>"; };
		0AB1A07B1C1F6D43003BA562 /* Player.h */ = {isa = PBXFileReference; fileEncoding = 4; lastKnownFileType = sourcecode.c.h; path = Player.h; sourceTree = "<group>"; };
		0AB1A07C1C1F6D43003BA562 /* Player.m */ = {isa = PBXFileReference; fileEncoding = 4; lastKnownFileType = sourcecode.c.objc; path = Player.m; sourceTree = "<group>"; };
		0AB1A07E1C207144003BA562 /* MatchPerspective.h */ = {isa = PBXFileReference; fileEncoding = 4; lastKnownFileType = sourcecode.c.h; path = MatchPerspective.h; sourceTree = "<group>"; };
		0AB1A07F1C207144003BA562 /* MatchPerspective.m */ = {isa = PBXFileReference; fileEncoding = 4; lastKnownFileType = sourcecode.c.objc; path = MatchPerspective.m; sourceTree = "<group>"; };
		0AB1A0811C207212003BA562 /* MatchPerspectiveTests.m */ = {isa = PBXFileReference; fileEncoding = 4; lastKnownFileType = sourcecode.c.objc; path = MatchPerspectiveTests.m; sourceTree = "<group>"; };
		0AB1A0831C207E5A003BA562 /* PlayerTests.m */ = {isa = PBXFileReference; fileEncoding = 4; lastKnownFileType = sourcecode.c.objc; path = PlayerTests.m; sourceTree = "<group>"; };
		0AC425E91C31943200198FF7 /* GoFishNavigationController.h */ = {isa = PBXFileReference; fileEncoding = 4; lastKnownFileType = sourcecode.c.h; path = GoFishNavigationController.h; sourceTree = "<group>"; };
		0AC425EA1C31943200198FF7 /* GoFishNavigationController.m */ = {isa = PBXFileReference; fileEncoding = 4; lastKnownFileType = sourcecode.c.objc; path = GoFishNavigationController.m; sourceTree = "<group>"; };
		0AD4C1A81C23105700385FF4 /* User.h */ = {isa = PBXFileReference; fileEncoding = 4; lastKnownFileType = sourcecode.c.h; path = User.h; sourceTree = "<group>"; };
		0AD4C1A91C23105700385FF4 /* User.m */ = {isa = PBXFileReference; fileEncoding = 4; lastKnownFileType = sourcecode.c.objc; path = User.m; sourceTree = "<group>"; };
		0AD4C1AB1C2310B900385FF4 /* UserTests.m */ = {isa = PBXFileReference; fileEncoding = 4; lastKnownFileType = sourcecode.c.objc; path = UserTests.m; sourceTree = SOURCE_ROOT; };
		0AD4C1AD1C23129200385FF4 /* DatabaseTests.m */ = {isa = PBXFileReference; fileEncoding = 4; lastKnownFileType = sourcecode.c.objc; path = DatabaseTests.m; sourceTree = "<group>"; };
		0AD4C1AF1C23165C00385FF4 /* GFHLogInViewController.h */ = {isa = PBXFileReference; fileEncoding = 4; lastKnownFileType = sourcecode.c.h; path = GFHLogInViewController.h; sourceTree = "<group>"; };
		0AD4C1B01C23165C00385FF4 /* GFHLogInViewController.m */ = {isa = PBXFileReference; fileEncoding = 4; lastKnownFileType = sourcecode.c.objc; path = GFHLogInViewController.m; sourceTree = "<group>"; };
		0AD4C1B21C2482D800385FF4 /* user_login_valid_json_fixture.json */ = {isa = PBXFileReference; fileEncoding = 4; lastKnownFileType = text.json; path = user_login_valid_json_fixture.json; sourceTree = "<group>"; };
		0AD4C1B41C2484B100385FF4 /* user_login_invalid_json_fixture.json */ = {isa = PBXFileReference; fileEncoding = 4; lastKnownFileType = text.json; path = user_login_invalid_json_fixture.json; sourceTree = "<group>"; };
		0AD4C1B81C24C09F00385FF4 /* GFHMockServer.h */ = {isa = PBXFileReference; fileEncoding = 4; lastKnownFileType = sourcecode.c.h; path = GFHMockServer.h; sourceTree = "<group>"; };
		0AD4C1B91C24C09F00385FF4 /* GFHMockServer.m */ = {isa = PBXFileReference; fileEncoding = 4; lastKnownFileType = sourcecode.c.objc; path = GFHMockServer.m; sourceTree = "<group>"; };
		0AE827DC1C28729D00261231 /* GFHMatchNewViewController.h */ = {isa = PBXFileReference; fileEncoding = 4; lastKnownFileType = sourcecode.c.h; path = GFHMatchNewViewController.h; sourceTree = "<group>"; };
		0AE827DD1C28729D00261231 /* GFHMatchNewViewController.m */ = {isa = PBXFileReference; fileEncoding = 4; lastKnownFileType = sourcecode.c.objc; path = GFHMatchNewViewController.m; sourceTree = "<group>"; };
		0AE827DF1C28A15700261231 /* OHHTTPStubs.framework */ = {isa = PBXFileReference; lastKnownFileType = wrapper.framework; name = OHHTTPStubs.framework; path = Carthage/Build/iOS/OHHTTPStubs.framework; sourceTree = SOURCE_ROOT; };
		0AFBC9991C2B294A00CDB66B /* MatchNewViewControllerTests.m */ = {isa = PBXFileReference; fileEncoding = 4; lastKnownFileType = sourcecode.c.objc; path = MatchNewViewControllerTests.m; sourceTree = "<group>"; };
		0AFBC99B1C2B301600CDB66B /* TestHelper.h */ = {isa = PBXFileReference; fileEncoding = 4; lastKnownFileType = sourcecode.c.h; path = TestHelper.h; sourceTree = "<group>"; };
		0AFBC99C1C2B301600CDB66B /* TestHelper.m */ = {isa = PBXFileReference; fileEncoding = 4; lastKnownFileType = sourcecode.c.objc; path = TestHelper.m; sourceTree = "<group>"; };
		0AFBC9A21C2C64C200CDB66B /* CALayer+RuntimeAttribute.h */ = {isa = PBXFileReference; fileEncoding = 4; lastKnownFileType = sourcecode.c.h; path = "CALayer+RuntimeAttribute.h"; sourceTree = "<group>"; };
		0AFBC9A31C2C64C200CDB66B /* CALayer+RuntimeAttribute.m */ = {isa = PBXFileReference; fileEncoding = 4; lastKnownFileType = sourcecode.c.objc; path = "CALayer+RuntimeAttribute.m"; sourceTree = "<group>"; };
		0AFBC9A61C2C9C1C00CDB66B /* MatchNewUITests.m */ = {isa = PBXFileReference; fileEncoding = 4; lastKnownFileType = sourcecode.c.objc; path = MatchNewUITests.m; sourceTree = "<group>"; };
		0AFBC9AB1C2CA2A000CDB66B /* UITestHelper.h */ = {isa = PBXFileReference; fileEncoding = 4; lastKnownFileType = sourcecode.c.h; path = UITestHelper.h; sourceTree = "<group>"; };
		0AFBC9AC1C2CA2A000CDB66B /* UITestHelper.m */ = {isa = PBXFileReference; fileEncoding = 4; lastKnownFileType = sourcecode.c.objc; path = UITestHelper.m; sourceTree = "<group>"; };
		0AFBC9D61C2DC64C00CDB66B /* GFHNumberOfPlayersButtonsViewController.h */ = {isa = PBXFileReference; fileEncoding = 4; lastKnownFileType = sourcecode.c.h; path = GFHNumberOfPlayersButtonsViewController.h; sourceTree = "<group>"; };
		0AFBC9D71C2DC64C00CDB66B /* GFHNumberOfPlayersButtonsViewController.m */ = {isa = PBXFileReference; fileEncoding = 4; lastKnownFileType = sourcecode.c.objc; path = GFHNumberOfPlayersButtonsViewController.m; sourceTree = "<group>"; };
/* End PBXFileReference section */

/* Begin PBXFrameworksBuildPhase section */
		0AB1A02F1C1F5F4D003BA562 /* Frameworks */ = {
			isa = PBXFrameworksBuildPhase;
			buildActionMask = 2147483647;
			files = (
				0A045C241C21D89500A5006E /* CFNetwork.framework in Frameworks */,
				0A045C221C21D88F00A5006E /* Security.framework in Frameworks */,
				0A045C261C21D9E600A5006E /* SocketRocket.framework in Frameworks */,
				0A045C201C21D88700A5006E /* SystemConfiguration.framework in Frameworks */,
				0A045C1E1C21D87700A5006E /* libicucore.tbd in Frameworks */,
				0AB1A0731C1F6246003BA562 /* AFNetworking.framework in Frameworks */,
				0A045C0C1C21D70C00A5006E /* libPusher-combined.a in Frameworks */,
			);
			runOnlyForDeploymentPostprocessing = 0;
		};
		0AB1A0481C1F5F4D003BA562 /* Frameworks */ = {
			isa = PBXFrameworksBuildPhase;
			buildActionMask = 2147483647;
			files = (
				0AB1A07A1C1F654C003BA562 /* AFNetworking.framework in Frameworks */,
				0AE827E01C28A15700261231 /* OHHTTPStubs.framework in Frameworks */,
			);
			runOnlyForDeploymentPostprocessing = 0;
		};
		0AB1A0531C1F5F4D003BA562 /* Frameworks */ = {
			isa = PBXFrameworksBuildPhase;
			buildActionMask = 2147483647;
			files = (
			);
			runOnlyForDeploymentPostprocessing = 0;
		};
/* End PBXFrameworksBuildPhase section */

/* Begin PBXGroup section */
		0A045C0D1C21D7AF00A5006E /* headers */ = {
			isa = PBXGroup;
			children = (
				0A045C0E1C21D7AF00A5006E /* PTEventListener.h */,
				0A045C0F1C21D7AF00A5006E /* PTPusher+Testing.h */,
				0A045C101C21D7AF00A5006E /* PTPusher.h */,
				0A045C111C21D7AF00A5006E /* PTPusherAPI.h */,
				0A045C121C21D7AF00A5006E /* PTPusherChannel.h */,
				0A045C131C21D7AF00A5006E /* PTPusherConnection.h */,
				0A045C141C21D7AF00A5006E /* PTPusherDelegate.h */,
				0A045C151C21D7AF00A5006E /* PTPusherErrors.h */,
				0A045C161C21D7AF00A5006E /* PTPusherEvent.h */,
				0A045C171C21D7AF00A5006E /* PTPusherEventDispatcher.h */,
				0A045C181C21D7AF00A5006E /* PTPusherEventPublisher.h */,
				0A045C191C21D7AF00A5006E /* PTPusherMacros.h */,
				0A045C1A1C21D7AF00A5006E /* PTPusherMockConnection.h */,
				0A045C1B1C21D7AF00A5006E /* PTPusherPresenceChannelDelegate.h */,
				0A045C1C1C21D7AF00A5006E /* Pusher.h */,
			);
			path = headers;
			sourceTree = "<group>";
		};
		0A045C2A1C21EDCC00A5006E /* Controllers */ = {
			isa = PBXGroup;
			children = (
				0AD4C1AF1C23165C00385FF4 /* GFHLogInViewController.h */,
				0AD4C1B01C23165C00385FF4 /* GFHLogInViewController.m */,
				0AE827DC1C28729D00261231 /* GFHMatchNewViewController.h */,
				0AE827DD1C28729D00261231 /* GFHMatchNewViewController.m */,
				0AFBC9D61C2DC64C00CDB66B /* GFHNumberOfPlayersButtonsViewController.h */,
				0AFBC9D71C2DC64C00CDB66B /* GFHNumberOfPlayersButtonsViewController.m */,
				0A045C271C21DAC400A5006E /* GFHMatchViewController.h */,
				0A045C281C21DAC400A5006E /* GFHMatchViewController.m */,
				0AC425E91C31943200198FF7 /* GoFishNavigationController.h */,
				0AC425EA1C31943200198FF7 /* GoFishNavigationController.m */,
				0A045C2B1C21EE0700A5006E /* GFHPlayerViewController.h */,
				0A045C2C1C21EE0700A5006E /* GFHPlayerViewController.m */,
			);
			name = Controllers;
			sourceTree = "<group>";
		};
		0A0D02891C2DE14600DF8550 /* OutsideCode */ = {
			isa = PBXGroup;
			children = (
				0A0D02861C2DE03500DF8550 /* KTCenterFlowLayout.h */,
				0A0D02871C2DE03500DF8550 /* KTCenterFlowLayout.m */,
				0AFBC9A21C2C64C200CDB66B /* CALayer+RuntimeAttribute.h */,
				0AFBC9A31C2C64C200CDB66B /* CALayer+RuntimeAttribute.m */,
			);
			name = OutsideCode;
			sourceTree = "<group>";
		};
		0A137F021C21FDF000D10B65 /* Views */ = {
			isa = PBXGroup;
			children = (
				0A137F031C21FE3000D10B65 /* GFHCardCollectionCell.h */,
				0A137F041C21FE3000D10B65 /* GFHCardCollectionCell.m */,
			);
			name = Views;
			sourceTree = "<group>";
		};
		0AB1A0291C1F5F4D003BA562 = {
			isa = PBXGroup;
			children = (
				0AB1A0341C1F5F4D003BA562 /* GoFishIOS */,
				0AB1A04E1C1F5F4D003BA562 /* GoFishIOSTests */,
				0AB1A0591C1F5F4D003BA562 /* GoFishIOSUITests */,
				0AB1A0331C1F5F4D003BA562 /* Products */,
			);
			sourceTree = "<group>";
		};
		0AB1A0331C1F5F4D003BA562 /* Products */ = {
			isa = PBXGroup;
			children = (
				0AB1A0321C1F5F4D003BA562 /* GoFishIOS.app */,
				0AB1A04B1C1F5F4D003BA562 /* GoFishIOSTests.xctest */,
				0AB1A0561C1F5F4D003BA562 /* GoFishIOSUITests.xctest */,
			);
			name = Products;
			sourceTree = "<group>";
		};
		0AB1A0341C1F5F4D003BA562 /* GoFishIOS */ = {
			isa = PBXGroup;
			children = (
				0A137F021C21FDF000D10B65 /* Views */,
				0AB1A0381C1F5F4D003BA562 /* AppDelegate.h */,
				0A045C2A1C21EDCC00A5006E /* Controllers */,
				0AB1A0391C1F5F4D003BA562 /* AppDelegate.m */,
				0AB1A06A1C1F5FA3003BA562 /* Models */,
				0AB1A03E1C1F5F4D003BA562 /* Main.storyboard */,
				0AB1A0411C1F5F4D003BA562 /* Assets.xcassets */,
				0AB1A0431C1F5F4D003BA562 /* LaunchScreen.storyboard */,
				0AB1A0461C1F5F4D003BA562 /* Info.plist */,
				0AB1A0351C1F5F4D003BA562 /* Supporting Files */,
			);
			path = GoFishIOS;
			sourceTree = "<group>";
		};
		0AB1A0351C1F5F4D003BA562 /* Supporting Files */ = {
			isa = PBXGroup;
			children = (
				0AE827DF1C28A15700261231 /* OHHTTPStubs.framework */,
				0A045C251C21D9E600A5006E /* SocketRocket.framework */,
				0A045C1D1C21D87700A5006E /* libicucore.tbd */,
				0A045C231C21D89500A5006E /* CFNetwork.framework */,
				0A045C211C21D88F00A5006E /* Security.framework */,
				0A045C1F1C21D88700A5006E /* SystemConfiguration.framework */,
				0A045C0D1C21D7AF00A5006E /* headers */,
				0A045C0B1C21D70C00A5006E /* libPusher-combined.a */,
				0AB1A0721C1F6246003BA562 /* AFNetworking.framework */,
				0AB1A0361C1F5F4D003BA562 /* main.m */,
			);
			name = "Supporting Files";
			sourceTree = "<group>";
		};
		0AB1A04E1C1F5F4D003BA562 /* GoFishIOSTests */ = {
			isa = PBXGroup;
			children = (
				0AB1A0511C1F5F4D003BA562 /* Info.plist */,
				0AB1A0681C1F5F87003BA562 /* CardTests.m */,
				0AD4C1AD1C23129200385FF4 /* DatabaseTests.m */,
				0AD4C1B81C24C09F00385FF4 /* GFHMockServer.h */,
				0AD4C1B91C24C09F00385FF4 /* GFHMockServer.m */,
				0AFBC9991C2B294A00CDB66B /* MatchNewViewControllerTests.m */,
				0AB1A0811C207212003BA562 /* MatchPerspectiveTests.m */,
				0AB1A0831C207E5A003BA562 /* PlayerTests.m */,
				0AB1A0771C1F640C003BA562 /* RepositoryTests.m */,
				0AD4C1AB1C2310B900385FF4 /* UserTests.m */,
				0A0D028D1C2E1BB300DF8550 /* NumberOfPlayersButtonsViewControllerTests.m */,
				0AFBC99B1C2B301600CDB66B /* TestHelper.h */,
				0AFBC99C1C2B301600CDB66B /* TestHelper.m */,
				0A045C091C21CFFB00A5006E /* match_json_fixture.json */,
				0AD4C1B41C2484B100385FF4 /* user_login_invalid_json_fixture.json */,
				0AD4C1B21C2482D800385FF4 /* user_login_valid_json_fixture.json */,
			);
			path = GoFishIOSTests;
			sourceTree = "<group>";
		};
		0AB1A0591C1F5F4D003BA562 /* GoFishIOSUITests */ = {
			isa = PBXGroup;
			children = (
				0AB1A05C1C1F5F4D003BA562 /* Info.plist */,
				0AB1A05A1C1F5F4D003BA562 /* LogInUITests.m */,
				0AFBC9A61C2C9C1C00CDB66B /* MatchNewUITests.m */,
				0AFBC9AB1C2CA2A000CDB66B /* UITestHelper.h */,
				0AFBC9AC1C2CA2A000CDB66B /* UITestHelper.m */,
			);
			path = GoFishIOSUITests;
			sourceTree = "<group>";
		};
		0AB1A06A1C1F5FA3003BA562 /* Models */ = {
			isa = PBXGroup;
			children = (
				0A0D02891C2DE14600DF8550 /* OutsideCode */,
				0AB1A06B1C1F5FF1003BA562 /* Card.h */,
				0AB1A06C1C1F5FF1003BA562 /* Card.m */,
				0A0D028F1C2F091B00DF8550 /* GFHColors.h */,
				0AB1A0741C1F63A9003BA562 /* GFHDatabase.h */,
				0AB1A0751C1F63A9003BA562 /* GFHDatabase.m */,
				0AB1A06E1C1F60FC003BA562 /* GFHRepository.h */,
				0AB1A06F1C1F60FC003BA562 /* GFHRepository.m */,
				0AB1A07E1C207144003BA562 /* MatchPerspective.h */,
				0AB1A07F1C207144003BA562 /* MatchPerspective.m */,
				0AB1A07B1C1F6D43003BA562 /* Player.h */,
				0AB1A07C1C1F6D43003BA562 /* Player.m */,
				0AD4C1A81C23105700385FF4 /* User.h */,
				0AD4C1A91C23105700385FF4 /* User.m */,
			);
			name = Models;
			sourceTree = "<group>";
		};
/* End PBXGroup section */

/* Begin PBXNativeTarget section */
		0AB1A0311C1F5F4D003BA562 /* GoFishIOS */ = {
			isa = PBXNativeTarget;
			buildConfigurationList = 0AB1A05F1C1F5F4D003BA562 /* Build configuration list for PBXNativeTarget "GoFishIOS" */;
			buildPhases = (
				0AB1A02E1C1F5F4D003BA562 /* Sources */,
				0AB1A02F1C1F5F4D003BA562 /* Frameworks */,
				0AB1A0301C1F5F4D003BA562 /* Resources */,
				0AB1A0711C1F6185003BA562 /* ShellScript */,
			);
			buildRules = (
			);
			dependencies = (
			);
			name = GoFishIOS;
			productName = GoFishIOS;
			productReference = 0AB1A0321C1F5F4D003BA562 /* GoFishIOS.app */;
			productType = "com.apple.product-type.application";
		};
		0AB1A04A1C1F5F4D003BA562 /* GoFishIOSTests */ = {
			isa = PBXNativeTarget;
			buildConfigurationList = 0AB1A0621C1F5F4D003BA562 /* Build configuration list for PBXNativeTarget "GoFishIOSTests" */;
			buildPhases = (
				0AB1A0471C1F5F4D003BA562 /* Sources */,
				0AB1A0481C1F5F4D003BA562 /* Frameworks */,
				0AB1A0491C1F5F4D003BA562 /* Resources */,
				0AE827E11C28A19800261231 /* ShellScript */,
			);
			buildRules = (
			);
			dependencies = (
				0AB1A04D1C1F5F4D003BA562 /* PBXTargetDependency */,
			);
			name = GoFishIOSTests;
			productName = GoFishIOSTests;
			productReference = 0AB1A04B1C1F5F4D003BA562 /* GoFishIOSTests.xctest */;
			productType = "com.apple.product-type.bundle.unit-test";
		};
		0AB1A0551C1F5F4D003BA562 /* GoFishIOSUITests */ = {
			isa = PBXNativeTarget;
			buildConfigurationList = 0AB1A0651C1F5F4D003BA562 /* Build configuration list for PBXNativeTarget "GoFishIOSUITests" */;
			buildPhases = (
				0AB1A0521C1F5F4D003BA562 /* Sources */,
				0AB1A0531C1F5F4D003BA562 /* Frameworks */,
				0AB1A0541C1F5F4D003BA562 /* Resources */,
			);
			buildRules = (
			);
			dependencies = (
				0AB1A0581C1F5F4D003BA562 /* PBXTargetDependency */,
			);
			name = GoFishIOSUITests;
			productName = GoFishIOSUITests;
			productReference = 0AB1A0561C1F5F4D003BA562 /* GoFishIOSUITests.xctest */;
			productType = "com.apple.product-type.bundle.ui-testing";
		};
/* End PBXNativeTarget section */

/* Begin PBXProject section */
		0AB1A02A1C1F5F4D003BA562 /* Project object */ = {
			isa = PBXProject;
			attributes = {
				LastUpgradeCheck = 0720;
				ORGANIZATIONNAME = "RoleModel Software";
				TargetAttributes = {
					0AB1A0311C1F5F4D003BA562 = {
						CreatedOnToolsVersion = 7.2;
					};
					0AB1A04A1C1F5F4D003BA562 = {
						CreatedOnToolsVersion = 7.2;
						TestTargetID = 0AB1A0311C1F5F4D003BA562;
					};
					0AB1A0551C1F5F4D003BA562 = {
						CreatedOnToolsVersion = 7.2;
						TestTargetID = 0AB1A0311C1F5F4D003BA562;
					};
				};
			};
			buildConfigurationList = 0AB1A02D1C1F5F4D003BA562 /* Build configuration list for PBXProject "GoFishIOS" */;
			compatibilityVersion = "Xcode 3.2";
			developmentRegion = English;
			hasScannedForEncodings = 0;
			knownRegions = (
				en,
				Base,
			);
			mainGroup = 0AB1A0291C1F5F4D003BA562;
			productRefGroup = 0AB1A0331C1F5F4D003BA562 /* Products */;
			projectDirPath = "";
			projectRoot = "";
			targets = (
				0AB1A0311C1F5F4D003BA562 /* GoFishIOS */,
				0AB1A04A1C1F5F4D003BA562 /* GoFishIOSTests */,
				0AB1A0551C1F5F4D003BA562 /* GoFishIOSUITests */,
			);
		};
/* End PBXProject section */

/* Begin PBXResourcesBuildPhase section */
		0AB1A0301C1F5F4D003BA562 /* Resources */ = {
			isa = PBXResourcesBuildPhase;
			buildActionMask = 2147483647;
			files = (
				0AB1A0451C1F5F4D003BA562 /* LaunchScreen.storyboard in Resources */,
				0AB1A0421C1F5F4D003BA562 /* Assets.xcassets in Resources */,
				0AB1A0401C1F5F4D003BA562 /* Main.storyboard in Resources */,
			);
			runOnlyForDeploymentPostprocessing = 0;
		};
		0AB1A0491C1F5F4D003BA562 /* Resources */ = {
			isa = PBXResourcesBuildPhase;
			buildActionMask = 2147483647;
			files = (
				0AD4C1B31C2482D800385FF4 /* user_login_valid_json_fixture.json in Resources */,
				0AD4C1B51C2484B100385FF4 /* user_login_invalid_json_fixture.json in Resources */,
				0A045C0A1C21CFFB00A5006E /* match_json_fixture.json in Resources */,
			);
			runOnlyForDeploymentPostprocessing = 0;
		};
		0AB1A0541C1F5F4D003BA562 /* Resources */ = {
			isa = PBXResourcesBuildPhase;
			buildActionMask = 2147483647;
			files = (
			);
			runOnlyForDeploymentPostprocessing = 0;
		};
/* End PBXResourcesBuildPhase section */

/* Begin PBXShellScriptBuildPhase section */
		0AB1A0711C1F6185003BA562 /* ShellScript */ = {
			isa = PBXShellScriptBuildPhase;
			buildActionMask = 2147483647;
			files = (
			);
			inputPaths = (
				"$(SRCROOT)/Carthage/Build/iOS/AFNetworking.framework",
				"$(SRCROOT)/Carthage/Build/iOS/SocketRocket.framework",
			);
			outputPaths = (
			);
			runOnlyForDeploymentPostprocessing = 0;
			shellPath = "/usr/local/bin/carthage copy-frameworks";
			shellScript = "";
		};
		0AE827E11C28A19800261231 /* ShellScript */ = {
			isa = PBXShellScriptBuildPhase;
			buildActionMask = 2147483647;
			files = (
			);
			inputPaths = (
				"$(SRCROOT)/Carthage/Build/iOS/OHHTTPStubs.framework",
			);
			outputPaths = (
			);
			runOnlyForDeploymentPostprocessing = 0;
			shellPath = "/usr/local/bin/carthage copy-frameworks";
			shellScript = "";
		};
/* End PBXShellScriptBuildPhase section */

/* Begin PBXSourcesBuildPhase section */
		0AB1A02E1C1F5F4D003BA562 /* Sources */ = {
			isa = PBXSourcesBuildPhase;
			buildActionMask = 2147483647;
			files = (
				0AB1A03A1C1F5F4D003BA562 /* AppDelegate.m in Sources */,
				0AC425EB1C31943200198FF7 /* GoFishNavigationController.m in Sources */,
				0AB1A0371C1F5F4D003BA562 /* main.m in Sources */,
				0A045C2D1C21EE0700A5006E /* GFHPlayerViewController.m in Sources */,
				0AB1A0701C1F60FC003BA562 /* GFHRepository.m in Sources */,
				0A0D02881C2DE03500DF8550 /* KTCenterFlowLayout.m in Sources */,
				0AFBC9D81C2DC64C00CDB66B /* GFHNumberOfPlayersButtonsViewController.m in Sources */,
				0AB1A0861C2095FD003BA562 /* MatchPerspective.m in Sources */,
				0AE827DE1C28729D00261231 /* GFHMatchNewViewController.m in Sources */,
				0A137F051C21FE3000D10B65 /* GFHCardCollectionCell.m in Sources */,
				0AD4C1AA1C23105700385FF4 /* User.m in Sources */,
				0AB1A0761C1F63A9003BA562 /* GFHDatabase.m in Sources */,
				0AD4C1B11C23165C00385FF4 /* GFHLogInViewController.m in Sources */,
				0A045C291C21DAC400A5006E /* GFHMatchViewController.m in Sources */,
				0AFBC9A41C2C64C200CDB66B /* CALayer+RuntimeAttribute.m in Sources */,
				0AB1A07D1C1F6D43003BA562 /* Player.m in Sources */,
				0AB1A06D1C1F5FF1003BA562 /* Card.m in Sources */,
			);
			runOnlyForDeploymentPostprocessing = 0;
		};
		0AB1A0471C1F5F4D003BA562 /* Sources */ = {
			isa = PBXSourcesBuildPhase;
			buildActionMask = 2147483647;
			files = (
				0AD4C1BA1C24C09F00385FF4 /* GFHMockServer.m in Sources */,
				0AD4C1AE1C23129200385FF4 /* DatabaseTests.m in Sources */,
				0A0D028E1C2E1BB300DF8550 /* NumberOfPlayersButtonsViewControllerTests.m in Sources */,
				0AB1A0841C207E5A003BA562 /* PlayerTests.m in Sources */,
				0AB1A0781C1F640C003BA562 /* RepositoryTests.m in Sources */,
				0AD4C1AC1C2310B900385FF4 /* UserTests.m in Sources */,
				0AB1A0691C1F5F87003BA562 /* CardTests.m in Sources */,
				0AB1A0821C207212003BA562 /* MatchPerspectiveTests.m in Sources */,
				0AB1A0791C1F6489003BA562 /* GFHRepository.m in Sources */,
				0AFBC99A1C2B294A00CDB66B /* MatchNewViewControllerTests.m in Sources */,
				0AFBC99D1C2B301600CDB66B /* TestHelper.m in Sources */,
			);
			runOnlyForDeploymentPostprocessing = 0;
		};
		0AB1A0521C1F5F4D003BA562 /* Sources */ = {
			isa = PBXSourcesBuildPhase;
			buildActionMask = 2147483647;
			files = (
				0AFBC9A71C2C9C1C00CDB66B /* MatchNewUITests.m in Sources */,
				0AFBC9AD1C2CA2A000CDB66B /* UITestHelper.m in Sources */,
				0AB1A05B1C1F5F4D003BA562 /* LogInUITests.m in Sources */,
			);
			runOnlyForDeploymentPostprocessing = 0;
		};
/* End PBXSourcesBuildPhase section */

/* Begin PBXTargetDependency section */
		0AB1A04D1C1F5F4D003BA562 /* PBXTargetDependency */ = {
			isa = PBXTargetDependency;
			target = 0AB1A0311C1F5F4D003BA562 /* GoFishIOS */;
			targetProxy = 0AB1A04C1C1F5F4D003BA562 /* PBXContainerItemProxy */;
		};
		0AB1A0581C1F5F4D003BA562 /* PBXTargetDependency */ = {
			isa = PBXTargetDependency;
			target = 0AB1A0311C1F5F4D003BA562 /* GoFishIOS */;
			targetProxy = 0AB1A0571C1F5F4D003BA562 /* PBXContainerItemProxy */;
		};
/* End PBXTargetDependency section */

/* Begin PBXVariantGroup section */
		0AB1A03E1C1F5F4D003BA562 /* Main.storyboard */ = {
			isa = PBXVariantGroup;
			children = (
				0AB1A03F1C1F5F4D003BA562 /* Base */,
			);
			name = Main.storyboard;
			sourceTree = "<group>";
		};
		0AB1A0431C1F5F4D003BA562 /* LaunchScreen.storyboard */ = {
			isa = PBXVariantGroup;
			children = (
				0AB1A0441C1F5F4D003BA562 /* Base */,
			);
			name = LaunchScreen.storyboard;
			sourceTree = "<group>";
		};
/* End PBXVariantGroup section */

/* Begin XCBuildConfiguration section */
		0AB1A05D1C1F5F4D003BA562 /* Debug */ = {
			isa = XCBuildConfiguration;
			buildSettings = {
				ALWAYS_SEARCH_USER_PATHS = NO;
				CLANG_CXX_LANGUAGE_STANDARD = "gnu++0x";
				CLANG_CXX_LIBRARY = "libc++";
				CLANG_ENABLE_MODULES = YES;
				CLANG_ENABLE_OBJC_ARC = YES;
				CLANG_WARN_BOOL_CONVERSION = YES;
				CLANG_WARN_CONSTANT_CONVERSION = YES;
				CLANG_WARN_DIRECT_OBJC_ISA_USAGE = YES_ERROR;
				CLANG_WARN_EMPTY_BODY = YES;
				CLANG_WARN_ENUM_CONVERSION = YES;
				CLANG_WARN_INT_CONVERSION = YES;
				CLANG_WARN_OBJC_ROOT_CLASS = YES_ERROR;
				CLANG_WARN_UNREACHABLE_CODE = YES;
				CLANG_WARN__DUPLICATE_METHOD_MATCH = YES;
				"CODE_SIGN_IDENTITY[sdk=iphoneos*]" = "iPhone Developer";
				COPY_PHASE_STRIP = NO;
				DEBUG_INFORMATION_FORMAT = dwarf;
				ENABLE_STRICT_OBJC_MSGSEND = YES;
				ENABLE_TESTABILITY = YES;
				GCC_C_LANGUAGE_STANDARD = gnu99;
				GCC_DYNAMIC_NO_PIC = NO;
				GCC_NO_COMMON_BLOCKS = YES;
				GCC_OPTIMIZATION_LEVEL = 0;
				GCC_PREPROCESSOR_DEFINITIONS = (
					"DEBUG=1",
					"$(inherited)",
				);
				GCC_WARN_64_TO_32_BIT_CONVERSION = YES;
				GCC_WARN_ABOUT_RETURN_TYPE = YES_ERROR;
				GCC_WARN_UNDECLARED_SELECTOR = YES;
				GCC_WARN_UNINITIALIZED_AUTOS = YES_AGGRESSIVE;
				GCC_WARN_UNUSED_FUNCTION = YES;
				GCC_WARN_UNUSED_VARIABLE = YES;
				IPHONEOS_DEPLOYMENT_TARGET = 9.2;
				MTL_ENABLE_DEBUG_INFO = YES;
				ONLY_ACTIVE_ARCH = YES;
				SDKROOT = iphoneos;
				TARGETED_DEVICE_FAMILY = 2;
			};
			name = Debug;
		};
		0AB1A05E1C1F5F4D003BA562 /* Release */ = {
			isa = XCBuildConfiguration;
			buildSettings = {
				ALWAYS_SEARCH_USER_PATHS = NO;
				CLANG_CXX_LANGUAGE_STANDARD = "gnu++0x";
				CLANG_CXX_LIBRARY = "libc++";
				CLANG_ENABLE_MODULES = YES;
				CLANG_ENABLE_OBJC_ARC = YES;
				CLANG_WARN_BOOL_CONVERSION = YES;
				CLANG_WARN_CONSTANT_CONVERSION = YES;
				CLANG_WARN_DIRECT_OBJC_ISA_USAGE = YES_ERROR;
				CLANG_WARN_EMPTY_BODY = YES;
				CLANG_WARN_ENUM_CONVERSION = YES;
				CLANG_WARN_INT_CONVERSION = YES;
				CLANG_WARN_OBJC_ROOT_CLASS = YES_ERROR;
				CLANG_WARN_UNREACHABLE_CODE = YES;
				CLANG_WARN__DUPLICATE_METHOD_MATCH = YES;
				"CODE_SIGN_IDENTITY[sdk=iphoneos*]" = "iPhone Developer";
				COPY_PHASE_STRIP = NO;
				DEBUG_INFORMATION_FORMAT = "dwarf-with-dsym";
				ENABLE_NS_ASSERTIONS = NO;
				ENABLE_STRICT_OBJC_MSGSEND = YES;
				GCC_C_LANGUAGE_STANDARD = gnu99;
				GCC_NO_COMMON_BLOCKS = YES;
				GCC_WARN_64_TO_32_BIT_CONVERSION = YES;
				GCC_WARN_ABOUT_RETURN_TYPE = YES_ERROR;
				GCC_WARN_UNDECLARED_SELECTOR = YES;
				GCC_WARN_UNINITIALIZED_AUTOS = YES_AGGRESSIVE;
				GCC_WARN_UNUSED_FUNCTION = YES;
				GCC_WARN_UNUSED_VARIABLE = YES;
				IPHONEOS_DEPLOYMENT_TARGET = 9.2;
				MTL_ENABLE_DEBUG_INFO = NO;
				SDKROOT = iphoneos;
				TARGETED_DEVICE_FAMILY = 2;
				VALIDATE_PRODUCT = YES;
			};
			name = Release;
		};
		0AB1A0601C1F5F4D003BA562 /* Debug */ = {
			isa = XCBuildConfiguration;
			buildSettings = {
				ASSETCATALOG_COMPILER_APPICON_NAME = AppIcon;
				FRAMEWORK_SEARCH_PATHS = (
					"$(inherited)",
					"$(PROJECT_DIR)/Carthage/Build/iOS",
				);
				INFOPLIST_FILE = GoFishIOS/Info.plist;
				LD_RUNPATH_SEARCH_PATHS = "$(inherited) @executable_path/Frameworks";
				LIBRARY_SEARCH_PATHS = (
					"$(inherited)",
					"$(PROJECT_DIR)/GoFishIOS",
				);
				OTHER_LDFLAGS = "-all_load";
				PRODUCT_BUNDLE_IDENTIFIER = com.rolemodelsoftware.GoFishIOS;
				PRODUCT_NAME = "$(TARGET_NAME)";
			};
			name = Debug;
		};
		0AB1A0611C1F5F4D003BA562 /* Release */ = {
			isa = XCBuildConfiguration;
			buildSettings = {
				ASSETCATALOG_COMPILER_APPICON_NAME = AppIcon;
				FRAMEWORK_SEARCH_PATHS = (
					"$(inherited)",
					"$(PROJECT_DIR)/Carthage/Build/iOS",
				);
				INFOPLIST_FILE = GoFishIOS/Info.plist;
				LD_RUNPATH_SEARCH_PATHS = "$(inherited) @executable_path/Frameworks";
				LIBRARY_SEARCH_PATHS = (
					"$(inherited)",
					"$(PROJECT_DIR)/GoFishIOS",
				);
				OTHER_LDFLAGS = "-all_load";
				PRODUCT_BUNDLE_IDENTIFIER = com.rolemodelsoftware.GoFishIOS;
				PRODUCT_NAME = "$(TARGET_NAME)";
			};
			name = Release;
		};
		0AB1A0631C1F5F4D003BA562 /* Debug */ = {
			isa = XCBuildConfiguration;
			buildSettings = {
				BUNDLE_LOADER = "$(TEST_HOST)";
				EMBEDDED_CONTENT_CONTAINS_SWIFT = YES;
				FRAMEWORK_SEARCH_PATHS = (
					"$(inherited)",
					"$(PROJECT_DIR)/Carthage/Build/iOS",
				);
				INFOPLIST_FILE = GoFishIOSTests/Info.plist;
				LD_RUNPATH_SEARCH_PATHS = "$(inherited) @executable_path/Frameworks @loader_path/Frameworks";
				PRODUCT_BUNDLE_IDENTIFIER = com.rolemodelsoftware.GoFishIOSTests;
				PRODUCT_NAME = "$(TARGET_NAME)";
				TEST_HOST = "$(BUILT_PRODUCTS_DIR)/GoFishIOS.app/GoFishIOS";
			};
			name = Debug;
		};
		0AB1A0641C1F5F4D003BA562 /* Release */ = {
			isa = XCBuildConfiguration;
			buildSettings = {
				BUNDLE_LOADER = "$(TEST_HOST)";
				EMBEDDED_CONTENT_CONTAINS_SWIFT = YES;
				FRAMEWORK_SEARCH_PATHS = (
					"$(inherited)",
					"$(PROJECT_DIR)/Carthage/Build/iOS",
				);
				INFOPLIST_FILE = GoFishIOSTests/Info.plist;
				LD_RUNPATH_SEARCH_PATHS = "$(inherited) @executable_path/Frameworks @loader_path/Frameworks";
				PRODUCT_BUNDLE_IDENTIFIER = com.rolemodelsoftware.GoFishIOSTests;
				PRODUCT_NAME = "$(TARGET_NAME)";
				TEST_HOST = "$(BUILT_PRODUCTS_DIR)/GoFishIOS.app/GoFishIOS";
			};
			name = Release;
		};
		0AB1A0661C1F5F4D003BA562 /* Debug */ = {
			isa = XCBuildConfiguration;
			buildSettings = {
				INFOPLIST_FILE = GoFishIOSUITests/Info.plist;
				LD_RUNPATH_SEARCH_PATHS = "$(inherited) @executable_path/Frameworks @loader_path/Frameworks";
				PRODUCT_BUNDLE_IDENTIFIER = com.rolemodelsoftware.GoFishIOSUITests;
				PRODUCT_NAME = "$(TARGET_NAME)";
				TEST_TARGET_NAME = GoFishIOS;
				USES_XCTRUNNER = YES;
			};
			name = Debug;
		};
		0AB1A0671C1F5F4D003BA562 /* Release */ = {
			isa = XCBuildConfiguration;
			buildSettings = {
				INFOPLIST_FILE = GoFishIOSUITests/Info.plist;
				LD_RUNPATH_SEARCH_PATHS = "$(inherited) @executable_path/Frameworks @loader_path/Frameworks";
				PRODUCT_BUNDLE_IDENTIFIER = com.rolemodelsoftware.GoFishIOSUITests;
				PRODUCT_NAME = "$(TARGET_NAME)";
				TEST_TARGET_NAME = GoFishIOS;
				USES_XCTRUNNER = YES;
			};
			name = Release;
		};
/* End XCBuildConfiguration section */

/* Begin XCConfigurationList section */
		0AB1A02D1C1F5F4D003BA562 /* Build configuration list for PBXProject "GoFishIOS" */ = {
			isa = XCConfigurationList;
			buildConfigurations = (
				0AB1A05D1C1F5F4D003BA562 /* Debug */,
				0AB1A05E1C1F5F4D003BA562 /* Release */,
			);
			defaultConfigurationIsVisible = 0;
			defaultConfigurationName = Release;
		};
		0AB1A05F1C1F5F4D003BA562 /* Build configuration list for PBXNativeTarget "GoFishIOS" */ = {
			isa = XCConfigurationList;
			buildConfigurations = (
				0AB1A0601C1F5F4D003BA562 /* Debug */,
				0AB1A0611C1F5F4D003BA562 /* Release */,
			);
			defaultConfigurationIsVisible = 0;
			defaultConfigurationName = Release;
		};
		0AB1A0621C1F5F4D003BA562 /* Build configuration list for PBXNativeTarget "GoFishIOSTests" */ = {
			isa = XCConfigurationList;
			buildConfigurations = (
				0AB1A0631C1F5F4D003BA562 /* Debug */,
				0AB1A0641C1F5F4D003BA562 /* Release */,
			);
			defaultConfigurationIsVisible = 0;
			defaultConfigurationName = Release;
		};
		0AB1A0651C1F5F4D003BA562 /* Build configuration list for PBXNativeTarget "GoFishIOSUITests" */ = {
			isa = XCConfigurationList;
			buildConfigurations = (
				0AB1A0661C1F5F4D003BA562 /* Debug */,
				0AB1A0671C1F5F4D003BA562 /* Release */,
			);
			defaultConfigurationIsVisible = 0;
			defaultConfigurationName = Release;
		};
/* End XCConfigurationList section */
	};
	rootObject = 0AB1A02A1C1F5F4D003BA562 /* Project object */;
}
